// !$*UTF8*$!
{
	archiveVersion = 1;
	classes = {
	};
	objectVersion = 46;
	objects = {

/* Begin PBXBuildFile section */
		424B39C51E5D2FE000C16882 /* MainTabBarController.swift in Sources */ = {isa = PBXBuildFile; fileRef = 424B39C41E5D2FE000C16882 /* MainTabBarController.swift */; };
		424B39C71E5D30EA00C16882 /* CustomNavigationController.swift in Sources */ = {isa = PBXBuildFile; fileRef = 424B39C61E5D30EA00C16882 /* CustomNavigationController.swift */; };
		424B39CB1E5D328C00C16882 /* PlanViewController.swift in Sources */ = {isa = PBXBuildFile; fileRef = 424B39C91E5D328C00C16882 /* PlanViewController.swift */; };
		424B39CE1E5D32B400C16882 /* RanklistViewController.swift in Sources */ = {isa = PBXBuildFile; fileRef = 424B39CD1E5D32B400C16882 /* RanklistViewController.swift */; };
		424B39D01E5D32C600C16882 /* CircleViewController.swift in Sources */ = {isa = PBXBuildFile; fileRef = 424B39CF1E5D32C600C16882 /* CircleViewController.swift */; };
		424B39D21E5D32D600C16882 /* UserViewController.swift in Sources */ = {isa = PBXBuildFile; fileRef = 424B39D11E5D32D600C16882 /* UserViewController.swift */; };
		426596101E5C1B6500842D1A /* AppDelegate.swift in Sources */ = {isa = PBXBuildFile; fileRef = 4265960F1E5C1B6500842D1A /* AppDelegate.swift */; };
		426596151E5C1B6500842D1A /* Main.storyboard in Resources */ = {isa = PBXBuildFile; fileRef = 426596131E5C1B6500842D1A /* Main.storyboard */; };
		426596171E5C1B6500842D1A /* Assets.xcassets in Resources */ = {isa = PBXBuildFile; fileRef = 426596161E5C1B6500842D1A /* Assets.xcassets */; };
		4265961A1E5C1B6500842D1A /* LaunchScreen.storyboard in Resources */ = {isa = PBXBuildFile; fileRef = 426596181E5C1B6500842D1A /* LaunchScreen.storyboard */; };
		426596251E5C1B6500842D1A /* DailyPlanTests.swift in Sources */ = {isa = PBXBuildFile; fileRef = 426596241E5C1B6500842D1A /* DailyPlanTests.swift */; };
		426596301E5C1B6500842D1A /* DailyPlanUITests.swift in Sources */ = {isa = PBXBuildFile; fileRef = 4265962F1E5C1B6500842D1A /* DailyPlanUITests.swift */; };
		5A4863DA11D0D0C7FDA460EE /* Pods_DailyPlan.framework in Frameworks */ = {isa = PBXBuildFile; fileRef = 2B99C540439167D48956BA86 /* Pods_DailyPlan.framework */; };
/* End PBXBuildFile section */

/* Begin PBXContainerItemProxy section */
		426596211E5C1B6500842D1A /* PBXContainerItemProxy */ = {
			isa = PBXContainerItemProxy;
			containerPortal = 426596041E5C1B6500842D1A /* Project object */;
			proxyType = 1;
			remoteGlobalIDString = 4265960B1E5C1B6500842D1A;
			remoteInfo = DailyPlan;
		};
		4265962C1E5C1B6500842D1A /* PBXContainerItemProxy */ = {
			isa = PBXContainerItemProxy;
			containerPortal = 426596041E5C1B6500842D1A /* Project object */;
			proxyType = 1;
			remoteGlobalIDString = 4265960B1E5C1B6500842D1A;
			remoteInfo = DailyPlan;
		};
/* End PBXContainerItemProxy section */

/* Begin PBXFileReference section */
		1BAB5097938D7F21C7CF6921 /* Pods-DailyPlan.release.xcconfig */ = {isa = PBXFileReference; includeInIndex = 1; lastKnownFileType = text.xcconfig; name = "Pods-DailyPlan.release.xcconfig"; path = "Pods/Target Support Files/Pods-DailyPlan/Pods-DailyPlan.release.xcconfig"; sourceTree = "<group>"; };
		2B99C540439167D48956BA86 /* Pods_DailyPlan.framework */ = {isa = PBXFileReference; explicitFileType = wrapper.framework; includeInIndex = 0; path = Pods_DailyPlan.framework; sourceTree = BUILT_PRODUCTS_DIR; };
		424B39C41E5D2FE000C16882 /* MainTabBarController.swift */ = {isa = PBXFileReference; fileEncoding = 4; lastKnownFileType = sourcecode.swift; path = MainTabBarController.swift; sourceTree = "<group>"; };
		424B39C61E5D30EA00C16882 /* CustomNavigationController.swift */ = {isa = PBXFileReference; fileEncoding = 4; lastKnownFileType = sourcecode.swift; path = CustomNavigationController.swift; sourceTree = "<group>"; };
		424B39C91E5D328C00C16882 /* PlanViewController.swift */ = {isa = PBXFileReference; fileEncoding = 4; lastKnownFileType = sourcecode.swift; path = PlanViewController.swift; sourceTree = "<group>"; };
		424B39CD1E5D32B400C16882 /* RanklistViewController.swift */ = {isa = PBXFileReference; fileEncoding = 4; lastKnownFileType = sourcecode.swift; path = RanklistViewController.swift; sourceTree = "<group>"; };
		424B39CF1E5D32C600C16882 /* CircleViewController.swift */ = {isa = PBXFileReference; fileEncoding = 4; lastKnownFileType = sourcecode.swift; path = CircleViewController.swift; sourceTree = "<group>"; };
		424B39D11E5D32D600C16882 /* UserViewController.swift */ = {isa = PBXFileReference; fileEncoding = 4; lastKnownFileType = sourcecode.swift; path = UserViewController.swift; sourceTree = "<group>"; };
		4265960C1E5C1B6500842D1A /* DailyPlan.app */ = {isa = PBXFileReference; explicitFileType = wrapper.application; includeInIndex = 0; path = DailyPlan.app; sourceTree = BUILT_PRODUCTS_DIR; };
		4265960F1E5C1B6500842D1A /* AppDelegate.swift */ = {isa = PBXFileReference; lastKnownFileType = sourcecode.swift; path = AppDelegate.swift; sourceTree = "<group>"; };
		426596141E5C1B6500842D1A /* Base */ = {isa = PBXFileReference; lastKnownFileType = file.storyboard; name = Base; path = Base.lproj/Main.storyboard; sourceTree = "<group>"; };
		426596161E5C1B6500842D1A /* Assets.xcassets */ = {isa = PBXFileReference; lastKnownFileType = folder.assetcatalog; path = Assets.xcassets; sourceTree = "<group>"; };
		426596191E5C1B6500842D1A /* Base */ = {isa = PBXFileReference; lastKnownFileType = file.storyboard; name = Base; path = Base.lproj/LaunchScreen.storyboard; sourceTree = "<group>"; };
		4265961B1E5C1B6500842D1A /* Info.plist */ = {isa = PBXFileReference; lastKnownFileType = text.plist.xml; path = Info.plist; sourceTree = "<group>"; };
		426596201E5C1B6500842D1A /* DailyPlanTests.xctest */ = {isa = PBXFileReference; explicitFileType = wrapper.cfbundle; includeInIndex = 0; path = DailyPlanTests.xctest; sourceTree = BUILT_PRODUCTS_DIR; };
		426596241E5C1B6500842D1A /* DailyPlanTests.swift */ = {isa = PBXFileReference; lastKnownFileType = sourcecode.swift; path = DailyPlanTests.swift; sourceTree = "<group>"; };
		426596261E5C1B6500842D1A /* Info.plist */ = {isa = PBXFileReference; lastKnownFileType = text.plist.xml; path = Info.plist; sourceTree = "<group>"; };
		4265962B1E5C1B6500842D1A /* DailyPlanUITests.xctest */ = {isa = PBXFileReference; explicitFileType = wrapper.cfbundle; includeInIndex = 0; path = DailyPlanUITests.xctest; sourceTree = BUILT_PRODUCTS_DIR; };
		4265962F1E5C1B6500842D1A /* DailyPlanUITests.swift */ = {isa = PBXFileReference; lastKnownFileType = sourcecode.swift; path = DailyPlanUITests.swift; sourceTree = "<group>"; };
		426596311E5C1B6500842D1A /* Info.plist */ = {isa = PBXFileReference; lastKnownFileType = text.plist.xml; path = Info.plist; sourceTree = "<group>"; };
		5B73C7E855B9959D6F93822D /* Pods-DailyPlan.debug.xcconfig */ = {isa = PBXFileReference; includeInIndex = 1; lastKnownFileType = text.xcconfig; name = "Pods-DailyPlan.debug.xcconfig"; path = "Pods/Target Support Files/Pods-DailyPlan/Pods-DailyPlan.debug.xcconfig"; sourceTree = "<group>"; };
/* End PBXFileReference section */

/* Begin PBXFrameworksBuildPhase section */
		426596091E5C1B6500842D1A /* Frameworks */ = {
			isa = PBXFrameworksBuildPhase;
			buildActionMask = 2147483647;
			files = (
				5A4863DA11D0D0C7FDA460EE /* Pods_DailyPlan.framework in Frameworks */,
			);
			runOnlyForDeploymentPostprocessing = 0;
		};
		4265961D1E5C1B6500842D1A /* Frameworks */ = {
			isa = PBXFrameworksBuildPhase;
			buildActionMask = 2147483647;
			files = (
			);
			runOnlyForDeploymentPostprocessing = 0;
		};
		426596281E5C1B6500842D1A /* Frameworks */ = {
			isa = PBXFrameworksBuildPhase;
			buildActionMask = 2147483647;
			files = (
			);
			runOnlyForDeploymentPostprocessing = 0;
		};
/* End PBXFrameworksBuildPhase section */

/* Begin PBXGroup section */
		426596031E5C1B6500842D1A = {
			isa = PBXGroup;
			children = (
				4265960E1E5C1B6500842D1A /* DailyPlan */,
				426596231E5C1B6500842D1A /* DailyPlanTests */,
				4265962E1E5C1B6500842D1A /* DailyPlanUITests */,
				4265960D1E5C1B6500842D1A /* Products */,
				BD2ED75F74FFF562ADBE0807 /* Pods */,
				AB0C08CBE098B4F194A4373D /* Frameworks */,
			);
			sourceTree = "<group>";
		};
		4265960D1E5C1B6500842D1A /* Products */ = {
			isa = PBXGroup;
			children = (
				4265960C1E5C1B6500842D1A /* DailyPlan.app */,
				426596201E5C1B6500842D1A /* DailyPlanTests.xctest */,
				4265962B1E5C1B6500842D1A /* DailyPlanUITests.xctest */,
			);
			name = Products;
			sourceTree = "<group>";
		};
		4265960E1E5C1B6500842D1A /* DailyPlan */ = {
			isa = PBXGroup;
			children = (
				426596431E5C403D00842D1A /* login */,
				4265963D1E5C3F8B00842D1A /* plan */,
				4265963F1E5C3FF900842D1A /* ranklist */,
				426596401E5C400600842D1A /* circle */,
				426596411E5C401800842D1A /* user */,
				4265960F1E5C1B6500842D1A /* AppDelegate.swift */,
				424B39C41E5D2FE000C16882 /* MainTabBarController.swift */,
				424B39C61E5D30EA00C16882 /* CustomNavigationController.swift */,
				426596131E5C1B6500842D1A /* Main.storyboard */,
				426596161E5C1B6500842D1A /* Assets.xcassets */,
				426596181E5C1B6500842D1A /* LaunchScreen.storyboard */,
				4265961B1E5C1B6500842D1A /* Info.plist */,
			);
			path = DailyPlan;
			sourceTree = "<group>";
		};
		426596231E5C1B6500842D1A /* DailyPlanTests */ = {
			isa = PBXGroup;
			children = (
				426596241E5C1B6500842D1A /* DailyPlanTests.swift */,
				426596261E5C1B6500842D1A /* Info.plist */,
			);
			path = DailyPlanTests;
			sourceTree = "<group>";
		};
		4265962E1E5C1B6500842D1A /* DailyPlanUITests */ = {
			isa = PBXGroup;
			children = (
				4265962F1E5C1B6500842D1A /* DailyPlanUITests.swift */,
				426596311E5C1B6500842D1A /* Info.plist */,
			);
			path = DailyPlanUITests;
			sourceTree = "<group>";
		};
		4265963D1E5C3F8B00842D1A /* plan */ = {
			isa = PBXGroup;
			children = (
				424B39C91E5D328C00C16882 /* PlanViewController.swift */,
			);
			name = plan;
			sourceTree = "<group>";
		};
		4265963F1E5C3FF900842D1A /* ranklist */ = {
			isa = PBXGroup;
			children = (
				424B39CD1E5D32B400C16882 /* RanklistViewController.swift */,
			);
			name = ranklist;
			sourceTree = "<group>";
		};
		426596401E5C400600842D1A /* circle */ = {
			isa = PBXGroup;
			children = (
				424B39CF1E5D32C600C16882 /* CircleViewController.swift */,
			);
			name = circle;
			sourceTree = "<group>";
		};
		426596411E5C401800842D1A /* user */ = {
			isa = PBXGroup;
			children = (
				424B39D11E5D32D600C16882 /* UserViewController.swift */,
			);
			name = user;
			sourceTree = "<group>";
		};
		426596431E5C403D00842D1A /* login */ = {
			isa = PBXGroup;
			children = (
			);
			name = login;
			sourceTree = "<group>";
		};
		AB0C08CBE098B4F194A4373D /* Frameworks */ = {
			isa = PBXGroup;
			children = (
				2B99C540439167D48956BA86 /* Pods_DailyPlan.framework */,
			);
			name = Frameworks;
			sourceTree = "<group>";
		};
		BD2ED75F74FFF562ADBE0807 /* Pods */ = {
			isa = PBXGroup;
			children = (
				5B73C7E855B9959D6F93822D /* Pods-DailyPlan.debug.xcconfig */,
				1BAB5097938D7F21C7CF6921 /* Pods-DailyPlan.release.xcconfig */,
			);
			name = Pods;
			sourceTree = "<group>";
		};
/* End PBXGroup section */

/* Begin PBXNativeTarget section */
		4265960B1E5C1B6500842D1A /* DailyPlan */ = {
			isa = PBXNativeTarget;
			buildConfigurationList = 426596341E5C1B6500842D1A /* Build configuration list for PBXNativeTarget "DailyPlan" */;
			buildPhases = (
				A416CFE744F51BE5D1B07653 /* [CP] Check Pods Manifest.lock */,
				426596081E5C1B6500842D1A /* Sources */,
				426596091E5C1B6500842D1A /* Frameworks */,
				4265960A1E5C1B6500842D1A /* Resources */,
				72F9A17BB82A9D85E9743533 /* [CP] Embed Pods Frameworks */,
				3B727EAD76F45B11D809426D /* [CP] Copy Pods Resources */,
			);
			buildRules = (
			);
			dependencies = (
			);
			name = DailyPlan;
			productName = DailyPlan;
			productReference = 4265960C1E5C1B6500842D1A /* DailyPlan.app */;
			productType = "com.apple.product-type.application";
		};
		4265961F1E5C1B6500842D1A /* DailyPlanTests */ = {
			isa = PBXNativeTarget;
			buildConfigurationList = 426596371E5C1B6500842D1A /* Build configuration list for PBXNativeTarget "DailyPlanTests" */;
			buildPhases = (
				4265961C1E5C1B6500842D1A /* Sources */,
				4265961D1E5C1B6500842D1A /* Frameworks */,
				4265961E1E5C1B6500842D1A /* Resources */,
			);
			buildRules = (
			);
			dependencies = (
				426596221E5C1B6500842D1A /* PBXTargetDependency */,
			);
			name = DailyPlanTests;
			productName = DailyPlanTests;
			productReference = 426596201E5C1B6500842D1A /* DailyPlanTests.xctest */;
			productType = "com.apple.product-type.bundle.unit-test";
		};
		4265962A1E5C1B6500842D1A /* DailyPlanUITests */ = {
			isa = PBXNativeTarget;
			buildConfigurationList = 4265963A1E5C1B6500842D1A /* Build configuration list for PBXNativeTarget "DailyPlanUITests" */;
			buildPhases = (
				426596271E5C1B6500842D1A /* Sources */,
				426596281E5C1B6500842D1A /* Frameworks */,
				426596291E5C1B6500842D1A /* Resources */,
			);
			buildRules = (
			);
			dependencies = (
				4265962D1E5C1B6500842D1A /* PBXTargetDependency */,
			);
			name = DailyPlanUITests;
			productName = DailyPlanUITests;
			productReference = 4265962B1E5C1B6500842D1A /* DailyPlanUITests.xctest */;
			productType = "com.apple.product-type.bundle.ui-testing";
		};
/* End PBXNativeTarget section */

/* Begin PBXProject section */
		426596041E5C1B6500842D1A /* Project object */ = {
			isa = PBXProject;
			attributes = {
				LastSwiftUpdateCheck = 0820;
				LastUpgradeCheck = 0820;
				ORGANIZATIONNAME = "NetEase-zyw";
				TargetAttributes = {
					4265960B1E5C1B6500842D1A = {
						CreatedOnToolsVersion = 8.2.1;
						DevelopmentTeam = XWV65WS8FZ;
						ProvisioningStyle = Automatic;
					};
					4265961F1E5C1B6500842D1A = {
						CreatedOnToolsVersion = 8.2.1;
						DevelopmentTeam = XWV65WS8FZ;
						ProvisioningStyle = Automatic;
						TestTargetID = 4265960B1E5C1B6500842D1A;
					};
					4265962A1E5C1B6500842D1A = {
						CreatedOnToolsVersion = 8.2.1;
						DevelopmentTeam = XWV65WS8FZ;
						ProvisioningStyle = Automatic;
						TestTargetID = 4265960B1E5C1B6500842D1A;
					};
				};
			};
			buildConfigurationList = 426596071E5C1B6500842D1A /* Build configuration list for PBXProject "DailyPlan" */;
			compatibilityVersion = "Xcode 3.2";
			developmentRegion = English;
			hasScannedForEncodings = 0;
			knownRegions = (
				en,
				Base,
			);
			mainGroup = 426596031E5C1B6500842D1A;
			productRefGroup = 4265960D1E5C1B6500842D1A /* Products */;
			projectDirPath = "";
			projectRoot = "";
			targets = (
				4265960B1E5C1B6500842D1A /* DailyPlan */,
				4265961F1E5C1B6500842D1A /* DailyPlanTests */,
				4265962A1E5C1B6500842D1A /* DailyPlanUITests */,
			);
		};
/* End PBXProject section */

/* Begin PBXResourcesBuildPhase section */
		4265960A1E5C1B6500842D1A /* Resources */ = {
			isa = PBXResourcesBuildPhase;
			buildActionMask = 2147483647;
			files = (
				4265961A1E5C1B6500842D1A /* LaunchScreen.storyboard in Resources */,
				426596171E5C1B6500842D1A /* Assets.xcassets in Resources */,
				426596151E5C1B6500842D1A /* Main.storyboard in Resources */,
			);
			runOnlyForDeploymentPostprocessing = 0;
		};
		4265961E1E5C1B6500842D1A /* Resources */ = {
			isa = PBXResourcesBuildPhase;
			buildActionMask = 2147483647;
			files = (
			);
			runOnlyForDeploymentPostprocessing = 0;
		};
		426596291E5C1B6500842D1A /* Resources */ = {
			isa = PBXResourcesBuildPhase;
			buildActionMask = 2147483647;
			files = (
			);
			runOnlyForDeploymentPostprocessing = 0;
		};
/* End PBXResourcesBuildPhase section */

/* Begin PBXShellScriptBuildPhase section */
		3B727EAD76F45B11D809426D /* [CP] Copy Pods Resources */ = {
			isa = PBXShellScriptBuildPhase;
			buildActionMask = 2147483647;
			files = (
			);
			inputPaths = (
			);
			name = "[CP] Copy Pods Resources";
			outputPaths = (
			);
			runOnlyForDeploymentPostprocessing = 0;
			shellPath = /bin/sh;
			shellScript = "\"${SRCROOT}/Pods/Target Support Files/Pods-DailyPlan/Pods-DailyPlan-resources.sh\"\n";
			showEnvVarsInLog = 0;
		};
		72F9A17BB82A9D85E9743533 /* [CP] Embed Pods Frameworks */ = {
			isa = PBXShellScriptBuildPhase;
			buildActionMask = 2147483647;
			files = (
			);
			inputPaths = (
			);
			name = "[CP] Embed Pods Frameworks";
			outputPaths = (
			);
			runOnlyForDeploymentPostprocessing = 0;
			shellPath = /bin/sh;
			shellScript = "\"${SRCROOT}/Pods/Target Support Files/Pods-DailyPlan/Pods-DailyPlan-frameworks.sh\"\n";
			showEnvVarsInLog = 0;
		};
		A416CFE744F51BE5D1B07653 /* [CP] Check Pods Manifest.lock */ = {
			isa = PBXShellScriptBuildPhase;
			buildActionMask = 2147483647;
			files = (
			);
			inputPaths = (
			);
			name = "[CP] Check Pods Manifest.lock";
			outputPaths = (
			);
			runOnlyForDeploymentPostprocessing = 0;
			shellPath = /bin/sh;
			shellScript = "diff \"${PODS_ROOT}/../Podfile.lock\" \"${PODS_ROOT}/Manifest.lock\" > /dev/null\nif [ $? != 0 ] ; then\n    # print error to STDERR\n    echo \"error: The sandbox is not in sync with the Podfile.lock. Run 'pod install' or update your CocoaPods installation.\" >&2\n    exit 1\nfi\n";
			showEnvVarsInLog = 0;
		};
/* End PBXShellScriptBuildPhase section */

/* Begin PBXSourcesBuildPhase section */
		426596081E5C1B6500842D1A /* Sources */ = {
			isa = PBXSourcesBuildPhase;
			buildActionMask = 2147483647;
			files = (
				424B39D21E5D32D600C16882 /* UserViewController.swift in Sources */,
				424B39C71E5D30EA00C16882 /* CustomNavigationController.swift in Sources */,
				424B39CE1E5D32B400C16882 /* RanklistViewController.swift in Sources */,
				424B39D01E5D32C600C16882 /* CircleViewController.swift in Sources */,
				424B39CB1E5D328C00C16882 /* PlanViewController.swift in Sources */,
				424B39C51E5D2FE000C16882 /* MainTabBarController.swift in Sources */,
				426596101E5C1B6500842D1A /* AppDelegate.swift in Sources */,
			);
			runOnlyForDeploymentPostprocessing = 0;
		};
		4265961C1E5C1B6500842D1A /* Sources */ = {
			isa = PBXSourcesBuildPhase;
			buildActionMask = 2147483647;
			files = (
				426596251E5C1B6500842D1A /* DailyPlanTests.swift in Sources */,
			);
			runOnlyForDeploymentPostprocessing = 0;
		};
		426596271E5C1B6500842D1A /* Sources */ = {
			isa = PBXSourcesBuildPhase;
			buildActionMask = 2147483647;
			files = (
				426596301E5C1B6500842D1A /* DailyPlanUITests.swift in Sources */,
			);
			runOnlyForDeploymentPostprocessing = 0;
		};
/* End PBXSourcesBuildPhase section */

/* Begin PBXTargetDependency section */
		426596221E5C1B6500842D1A /* PBXTargetDependency */ = {
			isa = PBXTargetDependency;
			target = 4265960B1E5C1B6500842D1A /* DailyPlan */;
			targetProxy = 426596211E5C1B6500842D1A /* PBXContainerItemProxy */;
		};
		4265962D1E5C1B6500842D1A /* PBXTargetDependency */ = {
			isa = PBXTargetDependency;
			target = 4265960B1E5C1B6500842D1A /* DailyPlan */;
			targetProxy = 4265962C1E5C1B6500842D1A /* PBXContainerItemProxy */;
		};
/* End PBXTargetDependency section */

/* Begin PBXVariantGroup section */
		426596131E5C1B6500842D1A /* Main.storyboard */ = {
			isa = PBXVariantGroup;
			children = (
				426596141E5C1B6500842D1A /* Base */,
			);
			name = Main.storyboard;
			sourceTree = "<group>";
		};
		426596181E5C1B6500842D1A /* LaunchScreen.storyboard */ = {
			isa = PBXVariantGroup;
			children = (
				426596191E5C1B6500842D1A /* Base */,
			);
			name = LaunchScreen.storyboard;
			sourceTree = "<group>";
		};
/* End PBXVariantGroup section */

/* Begin XCBuildConfiguration section */
		426596321E5C1B6500842D1A /* Debug */ = {
			isa = XCBuildConfiguration;
			buildSettings = {
				ALWAYS_SEARCH_USER_PATHS = NO;
				CLANG_ANALYZER_NONNULL = YES;
				CLANG_CXX_LANGUAGE_STANDARD = "gnu++0x";
				CLANG_CXX_LIBRARY = "libc++";
				CLANG_ENABLE_MODULES = YES;
				CLANG_ENABLE_OBJC_ARC = YES;
				CLANG_WARN_BOOL_CONVERSION = YES;
				CLANG_WARN_CONSTANT_CONVERSION = YES;
				CLANG_WARN_DIRECT_OBJC_ISA_USAGE = YES_ERROR;
				CLANG_WARN_DOCUMENTATION_COMMENTS = YES;
				CLANG_WARN_EMPTY_BODY = YES;
				CLANG_WARN_ENUM_CONVERSION = YES;
				CLANG_WARN_INFINITE_RECURSION = YES;
				CLANG_WARN_INT_CONVERSION = YES;
				CLANG_WARN_OBJC_ROOT_CLASS = YES_ERROR;
				CLANG_WARN_SUSPICIOUS_MOVE = YES;
				CLANG_WARN_UNREACHABLE_CODE = YES;
				CLANG_WARN__DUPLICATE_METHOD_MATCH = YES;
				"CODE_SIGN_IDENTITY[sdk=iphoneos*]" = "iPhone Developer";
				COPY_PHASE_STRIP = NO;
				DEBUG_INFORMATION_FORMAT = dwarf;
				ENABLE_STRICT_OBJC_MSGSEND = YES;
				ENABLE_TESTABILITY = YES;
				GCC_C_LANGUAGE_STANDARD = gnu99;
				GCC_DYNAMIC_NO_PIC = NO;
				GCC_NO_COMMON_BLOCKS = YES;
				GCC_OPTIMIZATION_LEVEL = 0;
				GCC_PREPROCESSOR_DEFINITIONS = (
					"DEBUG=1",
					"$(inherited)",
				);
				GCC_WARN_64_TO_32_BIT_CONVERSION = YES;
				GCC_WARN_ABOUT_RETURN_TYPE = YES_ERROR;
				GCC_WARN_UNDECLARED_SELECTOR = YES;
				GCC_WARN_UNINITIALIZED_AUTOS = YES_AGGRESSIVE;
				GCC_WARN_UNUSED_FUNCTION = YES;
				GCC_WARN_UNUSED_VARIABLE = YES;
				IPHONEOS_DEPLOYMENT_TARGET = 10.2;
				MTL_ENABLE_DEBUG_INFO = YES;
				ONLY_ACTIVE_ARCH = YES;
				SDKROOT = iphoneos;
				SWIFT_ACTIVE_COMPILATION_CONDITIONS = DEBUG;
				SWIFT_OPTIMIZATION_LEVEL = "-Onone";
				TARGETED_DEVICE_FAMILY = "1,2";
			};
			name = Debug;
		};
		426596331E5C1B6500842D1A /* Release */ = {
			isa = XCBuildConfiguration;
			buildSettings = {
				ALWAYS_SEARCH_USER_PATHS = NO;
				CLANG_ANALYZER_NONNULL = YES;
				CLANG_CXX_LANGUAGE_STANDARD = "gnu++0x";
				CLANG_CXX_LIBRARY = "libc++";
				CLANG_ENABLE_MODULES = YES;
				CLANG_ENABLE_OBJC_ARC = YES;
				CLANG_WARN_BOOL_CONVERSION = YES;
				CLANG_WARN_CONSTANT_CONVERSION = YES;
				CLANG_WARN_DIRECT_OBJC_ISA_USAGE = YES_ERROR;
				CLANG_WARN_DOCUMENTATION_COMMENTS = YES;
				CLANG_WARN_EMPTY_BODY = YES;
				CLANG_WARN_ENUM_CONVERSION = YES;
				CLANG_WARN_INFINITE_RECURSION = YES;
				CLANG_WARN_INT_CONVERSION = YES;
				CLANG_WARN_OBJC_ROOT_CLASS = YES_ERROR;
				CLANG_WARN_SUSPICIOUS_MOVE = YES;
				CLANG_WARN_UNREACHABLE_CODE = YES;
				CLANG_WARN__DUPLICATE_METHOD_MATCH = YES;
				"CODE_SIGN_IDENTITY[sdk=iphoneos*]" = "iPhone Developer";
				COPY_PHASE_STRIP = NO;
				DEBUG_INFORMATION_FORMAT = "dwarf-with-dsym";
				ENABLE_NS_ASSERTIONS = NO;
				ENABLE_STRICT_OBJC_MSGSEND = YES;
				GCC_C_LANGUAGE_STANDARD = gnu99;
				GCC_NO_COMMON_BLOCKS = YES;
				GCC_WARN_64_TO_32_BIT_CONVERSION = YES;
				GCC_WARN_ABOUT_RETURN_TYPE = YES_ERROR;
				GCC_WARN_UNDECLARED_SELECTOR = YES;
				GCC_WARN_UNINITIALIZED_AUTOS = YES_AGGRESSIVE;
				GCC_WARN_UNUSED_FUNCTION = YES;
				GCC_WARN_UNUSED_VARIABLE = YES;
				IPHONEOS_DEPLOYMENT_TARGET = 10.2;
				MTL_ENABLE_DEBUG_INFO = NO;
				SDKROOT = iphoneos;
				SWIFT_OPTIMIZATION_LEVEL = "-Owholemodule";
				TARGETED_DEVICE_FAMILY = "1,2";
				VALIDATE_PRODUCT = YES;
			};
			name = Release;
		};
		426596351E5C1B6500842D1A /* Debug */ = {
			isa = XCBuildConfiguration;
			baseConfigurationReference = 5B73C7E855B9959D6F93822D /* Pods-DailyPlan.debug.xcconfig */;
			buildSettings = {
				ASSETCATALOG_COMPILER_APPICON_NAME = AppIcon;
				DEVELOPMENT_TEAM = XWV65WS8FZ;
				INFOPLIST_FILE = DailyPlan/Info.plist;
				IPHONEOS_DEPLOYMENT_TARGET = 9.0;
				LD_RUNPATH_SEARCH_PATHS = "$(inherited) @executable_path/Frameworks";
				PRODUCT_BUNDLE_IDENTIFIER = WeiLei.DailyPlan;
				PRODUCT_NAME = "$(TARGET_NAME)";
				SWIFT_VERSION = 3.0;
			};
			name = Debug;
		};
		426596361E5C1B6500842D1A /* Release */ = {
			isa = XCBuildConfiguration;
			baseConfigurationReference = 1BAB5097938D7F21C7CF6921 /* Pods-DailyPlan.release.xcconfig */;
			buildSettings = {
				ASSETCATALOG_COMPILER_APPICON_NAME = AppIcon;
				DEVELOPMENT_TEAM = XWV65WS8FZ;
				INFOPLIST_FILE = DailyPlan/Info.plist;
				IPHONEOS_DEPLOYMENT_TARGET = 9.0;
				LD_RUNPATH_SEARCH_PATHS = "$(inherited) @executable_path/Frameworks";
				PRODUCT_BUNDLE_IDENTIFIER = WeiLei.DailyPlan;
				PRODUCT_NAME = "$(TARGET_NAME)";
				SWIFT_VERSION = 3.0;
			};
			name = Release;
		};
		426596381E5C1B6500842D1A /* Debug */ = {
			isa = XCBuildConfiguration;
			buildSettings = {
				ALWAYS_EMBED_SWIFT_STANDARD_LIBRARIES = YES;
				BUNDLE_LOADER = "$(TEST_HOST)";
				DEVELOPMENT_TEAM = XWV65WS8FZ;
				INFOPLIST_FILE = DailyPlanTests/Info.plist;
				LD_RUNPATH_SEARCH_PATHS = "$(inherited) @executable_path/Frameworks @loader_path/Frameworks";
				PRODUCT_BUNDLE_IDENTIFIER = WeiLei.DailyPlanTests;
				PRODUCT_NAME = "$(TARGET_NAME)";
				SWIFT_VERSION = 3.0;
				TEST_HOST = "$(BUILT_PRODUCTS_DIR)/DailyPlan.app/DailyPlan";
			};
			name = Debug;
		};
		426596391E5C1B6500842D1A /* Release */ = {
			isa = XCBuildConfiguration;
			buildSettings = {
				ALWAYS_EMBED_SWIFT_STANDARD_LIBRARIES = YES;
				BUNDLE_LOADER = "$(TEST_HOST)";
				DEVELOPMENT_TEAM = XWV65WS8FZ;
				INFOPLIST_FILE = DailyPlanTests/Info.plist;
				LD_RUNPATH_SEARCH_PATHS = "$(inherited) @executable_path/Frameworks @loader_path/Frameworks";
				PRODUCT_BUNDLE_IDENTIFIER = WeiLei.DailyPlanTests;
				PRODUCT_NAME = "$(TARGET_NAME)";
				SWIFT_VERSION = 3.0;
				TEST_HOST = "$(BUILT_PRODUCTS_DIR)/DailyPlan.app/DailyPlan";
			};
			name = Release;
		};
		4265963B1E5C1B6500842D1A /* Debug */ = {
			isa = XCBuildConfiguration;
			buildSettings = {
				ALWAYS_EMBED_SWIFT_STANDARD_LIBRARIES = YES;
				DEVELOPMENT_TEAM = XWV65WS8FZ;
				INFOPLIST_FILE = DailyPlanUITests/Info.plist;
				LD_RUNPATH_SEARCH_PATHS = "$(inherited) @executable_path/Frameworks @loader_path/Frameworks";
				PRODUCT_BUNDLE_IDENTIFIER = WeiLei.DailyPlanUITests;
				PRODUCT_NAME = "$(TARGET_NAME)";
				SWIFT_VERSION = 3.0;
				TEST_TARGET_NAME = DailyPlan;
			};
			name = Debug;
		};
		4265963C1E5C1B6500842D1A /* Release */ = {
			isa = XCBuildConfiguration;
			buildSettings = {
				ALWAYS_EMBED_SWIFT_STANDARD_LIBRARIES = YES;
				DEVELOPMENT_TEAM = XWV65WS8FZ;
				INFOPLIST_FILE = DailyPlanUITests/Info.plist;
				LD_RUNPATH_SEARCH_PATHS = "$(inherited) @executable_path/Frameworks @loader_path/Frameworks";
				PRODUCT_BUNDLE_IDENTIFIER = WeiLei.DailyPlanUITests;
				PRODUCT_NAME = "$(TARGET_NAME)";
				SWIFT_VERSION = 3.0;
				TEST_TARGET_NAME = DailyPlan;
			};
			name = Release;
		};
/* End XCBuildConfiguration section */

/* Begin XCConfigurationList section */
		426596071E5C1B6500842D1A /* Build configuration list for PBXProject "DailyPlan" */ = {
			isa = XCConfigurationList;
			buildConfigurations = (
				426596321E5C1B6500842D1A /* Debug */,
				426596331E5C1B6500842D1A /* Release */,
			);
			defaultConfigurationIsVisible = 0;
			defaultConfigurationName = Release;
		};
		426596341E5C1B6500842D1A /* Build configuration list for PBXNativeTarget "DailyPlan" */ = {
			isa = XCConfigurationList;
			buildConfigurations = (
				426596351E5C1B6500842D1A /* Debug */,
				426596361E5C1B6500842D1A /* Release */,
			);
			defaultConfigurationIsVisible = 0;
			defaultConfigurationName = Release;
		};
		426596371E5C1B6500842D1A /* Build configuration list for PBXNativeTarget "DailyPlanTests" */ = {
			isa = XCConfigurationList;
			buildConfigurations = (
				426596381E5C1B6500842D1A /* Debug */,
				426596391E5C1B6500842D1A /* Release */,
			);
			defaultConfigurationIsVisible = 0;
			defaultConfigurationName = Release;
		};
		4265963A1E5C1B6500842D1A /* Build configuration list for PBXNativeTarget "DailyPlanUITests" */ = {
			isa = XCConfigurationList;
			buildConfigurations = (
				4265963B1E5C1B6500842D1A /* Debug */,
				4265963C1E5C1B6500842D1A /* Release */,
			);
			defaultConfigurationIsVisible = 0;
			defaultConfigurationName = Release;
		};
/* End XCConfigurationList section */
	};
	rootObject = 426596041E5C1B6500842D1A /* Project object */;
}
